// !$*UTF8*$!
{
	archiveVersion = 1;
	classes = {
	};
	objectVersion = 51;
	objects = {

/* Begin PBXBuildFile section */
		18CEEE9542ED183BD198ED9A /* Pods_Assignment.framework in Frameworks */ = {isa = PBXBuildFile; fileRef = 3B88894E9463BC2077DD24B3 /* Pods_Assignment.framework */; };
		7379A85E24E9189B00296108 /* LoginData.swift in Sources */ = {isa = PBXBuildFile; fileRef = 7379A85D24E9189B00296108 /* LoginData.swift */; };
		7379A86024E92CD800296108 /* UserData.swift in Sources */ = {isa = PBXBuildFile; fileRef = 7379A85F24E92CD800296108 /* UserData.swift */; };
		73C7F30E24E69CBE0095363E /* AppDelegate.swift in Sources */ = {isa = PBXBuildFile; fileRef = 73C7F30D24E69CBE0095363E /* AppDelegate.swift */; };
		73C7F31024E69CBE0095363E /* SceneDelegate.swift in Sources */ = {isa = PBXBuildFile; fileRef = 73C7F30F24E69CBE0095363E /* SceneDelegate.swift */; };
		73C7F31524E69CBE0095363E /* Main.storyboard in Resources */ = {isa = PBXBuildFile; fileRef = 73C7F31324E69CBE0095363E /* Main.storyboard */; };
		73C7F31724E69CC30095363E /* Assets.xcassets in Resources */ = {isa = PBXBuildFile; fileRef = 73C7F31624E69CC30095363E /* Assets.xcassets */; };
		73C7F31A24E69CC30095363E /* LaunchScreen.storyboard in Resources */ = {isa = PBXBuildFile; fileRef = 73C7F31824E69CC30095363E /* LaunchScreen.storyboard */; };
		73C7F32224E6A27B0095363E /* InitialViewController.swift in Sources */ = {isa = PBXBuildFile; fileRef = 73C7F32124E6A27B0095363E /* InitialViewController.swift */; };
		73C7F32424E6A2A90095363E /* SignupViewController.swift in Sources */ = {isa = PBXBuildFile; fileRef = 73C7F32324E6A2A90095363E /* SignupViewController.swift */; };
		73C7F32624E6F5FA0095363E /* AlartController.swift in Sources */ = {isa = PBXBuildFile; fileRef = 73C7F32524E6F5FA0095363E /* AlartController.swift */; };
		73C7F32824E6F67F0095363E /* HomeViewController.swift in Sources */ = {isa = PBXBuildFile; fileRef = 73C7F32724E6F67F0095363E /* HomeViewController.swift */; };
		73C7F32A24E7862C0095363E /* Validation.swift in Sources */ = {isa = PBXBuildFile; fileRef = 73C7F32924E7862C0095363E /* Validation.swift */; };
		73C7F32C24E791D50095363E /* RoundButton.swift in Sources */ = {isa = PBXBuildFile; fileRef = 73C7F32B24E791D50095363E /* RoundButton.swift */; };
		73C7F33024E90B650095363E /* API.swift in Sources */ = {isa = PBXBuildFile; fileRef = 73C7F32F24E90B650095363E /* API.swift */; };
		73C7F33224E90D200095363E /* CheckNetworkConnection.swift in Sources */ = {isa = PBXBuildFile; fileRef = 73C7F33124E90D200095363E /* CheckNetworkConnection.swift */; };
/* End PBXBuildFile section */

/* Begin PBXFileReference section */
		3B88894E9463BC2077DD24B3 /* Pods_Assignment.framework */ = {isa = PBXFileReference; explicitFileType = wrapper.framework; includeInIndex = 0; path = Pods_Assignment.framework; sourceTree = BUILT_PRODUCTS_DIR; };
		4766DE1005597AFDAA4A3F3F /* Pods-Assignment.release.xcconfig */ = {isa = PBXFileReference; includeInIndex = 1; lastKnownFileType = text.xcconfig; name = "Pods-Assignment.release.xcconfig"; path = "Target Support Files/Pods-Assignment/Pods-Assignment.release.xcconfig"; sourceTree = "<group>"; };
		7379A85D24E9189B00296108 /* LoginData.swift */ = {isa = PBXFileReference; lastKnownFileType = sourcecode.swift; path = LoginData.swift; sourceTree = "<group>"; };
		7379A85F24E92CD800296108 /* UserData.swift */ = {isa = PBXFileReference; lastKnownFileType = sourcecode.swift; path = UserData.swift; sourceTree = "<group>"; };
		73C7F30A24E69CBE0095363E /* Assignment.app */ = {isa = PBXFileReference; explicitFileType = wrapper.application; includeInIndex = 0; path = Assignment.app; sourceTree = BUILT_PRODUCTS_DIR; };
		73C7F30D24E69CBE0095363E /* AppDelegate.swift */ = {isa = PBXFileReference; lastKnownFileType = sourcecode.swift; path = AppDelegate.swift; sourceTree = "<group>"; };
		73C7F30F24E69CBE0095363E /* SceneDelegate.swift */ = {isa = PBXFileReference; lastKnownFileType = sourcecode.swift; path = SceneDelegate.swift; sourceTree = "<group>"; };
		73C7F31424E69CBE0095363E /* Base */ = {isa = PBXFileReference; lastKnownFileType = file.storyboard; name = Base; path = Base.lproj/Main.storyboard; sourceTree = "<group>"; };
		73C7F31624E69CC30095363E /* Assets.xcassets */ = {isa = PBXFileReference; lastKnownFileType = folder.assetcatalog; path = Assets.xcassets; sourceTree = "<group>"; };
		73C7F31924E69CC30095363E /* Base */ = {isa = PBXFileReference; lastKnownFileType = file.storyboard; name = Base; path = Base.lproj/LaunchScreen.storyboard; sourceTree = "<group>"; };
		73C7F31B24E69CC30095363E /* Info.plist */ = {isa = PBXFileReference; lastKnownFileType = text.plist.xml; path = Info.plist; sourceTree = "<group>"; };
		73C7F32124E6A27B0095363E /* InitialViewController.swift */ = {isa = PBXFileReference; lastKnownFileType = sourcecode.swift; path = InitialViewController.swift; sourceTree = "<group>"; };
		73C7F32324E6A2A90095363E /* SignupViewController.swift */ = {isa = PBXFileReference; lastKnownFileType = sourcecode.swift; path = SignupViewController.swift; sourceTree = "<group>"; };
		73C7F32524E6F5FA0095363E /* AlartController.swift */ = {isa = PBXFileReference; lastKnownFileType = sourcecode.swift; path = AlartController.swift; sourceTree = "<group>"; };
		73C7F32724E6F67F0095363E /* HomeViewController.swift */ = {isa = PBXFileReference; lastKnownFileType = sourcecode.swift; path = HomeViewController.swift; sourceTree = "<group>"; };
		73C7F32924E7862C0095363E /* Validation.swift */ = {isa = PBXFileReference; lastKnownFileType = sourcecode.swift; path = Validation.swift; sourceTree = "<group>"; };
		73C7F32B24E791D50095363E /* RoundButton.swift */ = {isa = PBXFileReference; lastKnownFileType = sourcecode.swift; path = RoundButton.swift; sourceTree = "<group>"; };
		73C7F32F24E90B650095363E /* API.swift */ = {isa = PBXFileReference; lastKnownFileType = sourcecode.swift; path = API.swift; sourceTree = "<group>"; };
		73C7F33124E90D200095363E /* CheckNetworkConnection.swift */ = {isa = PBXFileReference; lastKnownFileType = sourcecode.swift; path = CheckNetworkConnection.swift; sourceTree = "<group>"; };
		DE6B51BE4DB8BD5BA504471E /* Pods-Assignment.debug.xcconfig */ = {isa = PBXFileReference; includeInIndex = 1; lastKnownFileType = text.xcconfig; name = "Pods-Assignment.debug.xcconfig"; path = "Target Support Files/Pods-Assignment/Pods-Assignment.debug.xcconfig"; sourceTree = "<group>"; };
/* End PBXFileReference section */

/* Begin PBXFrameworksBuildPhase section */
		73C7F30724E69CBE0095363E /* Frameworks */ = {
			isa = PBXFrameworksBuildPhase;
			buildActionMask = 2147483647;
			files = (
				18CEEE9542ED183BD198ED9A /* Pods_Assignment.framework in Frameworks */,
			);
			runOnlyForDeploymentPostprocessing = 0;
		};
/* End PBXFrameworksBuildPhase section */

/* Begin PBXGroup section */
		7379A85C24E9188A00296108 /* Models */ = {
			isa = PBXGroup;
			children = (
				7379A85D24E9189B00296108 /* LoginData.swift */,
			);
			name = Models;
			sourceTree = "<group>";
		};
		73C7F30124E69CBE0095363E = {
			isa = PBXGroup;
			children = (
				73C7F30C24E69CBE0095363E /* Assignment */,
				73C7F30B24E69CBE0095363E /* Products */,
				AD3EF1D8DE5E307FC07D0276 /* Pods */,
				B58C8D63E12C8098AEC86C86 /* Frameworks */,
			);
			sourceTree = "<group>";
		};
		73C7F30B24E69CBE0095363E /* Products */ = {
			isa = PBXGroup;
			children = (
				73C7F30A24E69CBE0095363E /* Assignment.app */,
			);
			name = Products;
			sourceTree = "<group>";
		};
		73C7F30C24E69CBE0095363E /* Assignment */ = {
			isa = PBXGroup;
			children = (
				7379A85C24E9188A00296108 /* Models */,
				73C7F32E24E90B480095363E /* controllers */,
				73C7F32D24E90B1B0095363E /* Helper */,
				73C7F30D24E69CBE0095363E /* AppDelegate.swift */,
				73C7F30F24E69CBE0095363E /* SceneDelegate.swift */,
				73C7F31324E69CBE0095363E /* Main.storyboard */,
				73C7F31624E69CC30095363E /* Assets.xcassets */,
				73C7F31824E69CC30095363E /* LaunchScreen.storyboard */,
				73C7F31B24E69CC30095363E /* Info.plist */,
			);
			path = Assignment;
			sourceTree = "<group>";
		};
		73C7F32D24E90B1B0095363E /* Helper */ = {
			isa = PBXGroup;
			children = (
				73C7F32B24E791D50095363E /* RoundButton.swift */,
				73C7F32924E7862C0095363E /* Validation.swift */,
				73C7F32524E6F5FA0095363E /* AlartController.swift */,
				73C7F32F24E90B650095363E /* API.swift */,
				73C7F33124E90D200095363E /* CheckNetworkConnection.swift */,
				7379A85F24E92CD800296108 /* UserData.swift */,
			);
			name = Helper;
			sourceTree = "<group>";
		};
		73C7F32E24E90B480095363E /* controllers */ = {
			isa = PBXGroup;
			children = (
				73C7F32724E6F67F0095363E /* HomeViewController.swift */,
				73C7F32324E6A2A90095363E /* SignupViewController.swift */,
				73C7F32124E6A27B0095363E /* InitialViewController.swift */,
			);
			name = controllers;
			sourceTree = "<group>";
		};
		AD3EF1D8DE5E307FC07D0276 /* Pods */ = {
			isa = PBXGroup;
			children = (
				DE6B51BE4DB8BD5BA504471E /* Pods-Assignment.debug.xcconfig */,
				4766DE1005597AFDAA4A3F3F /* Pods-Assignment.release.xcconfig */,
			);
			path = Pods;
			sourceTree = "<group>";
		};
		B58C8D63E12C8098AEC86C86 /* Frameworks */ = {
			isa = PBXGroup;
			children = (
				3B88894E9463BC2077DD24B3 /* Pods_Assignment.framework */,
			);
			name = Frameworks;
			sourceTree = "<group>";
		};
/* End PBXGroup section */

/* Begin PBXNativeTarget section */
		73C7F30924E69CBE0095363E /* Assignment */ = {
			isa = PBXNativeTarget;
			buildConfigurationList = 73C7F31E24E69CC30095363E /* Build configuration list for PBXNativeTarget "Assignment" */;
			buildPhases = (
				3B0B8E7C3006B0EC9C7DB558 /* [CP] Check Pods Manifest.lock */,
				73C7F30624E69CBE0095363E /* Sources */,
				73C7F30724E69CBE0095363E /* Frameworks */,
				73C7F30824E69CBE0095363E /* Resources */,
				8EDBF74D7D0610D29AA5E0B8 /* [CP] Embed Pods Frameworks */,
			);
			buildRules = (
			);
			dependencies = (
			);
			name = Assignment;
			productName = Assignment;
			productReference = 73C7F30A24E69CBE0095363E /* Assignment.app */;
			productType = "com.apple.product-type.application";
		};
/* End PBXNativeTarget section */

/* Begin PBXProject section */
		73C7F30224E69CBE0095363E /* Project object */ = {
			isa = PBXProject;
			attributes = {
				LastSwiftUpdateCheck = 1160;
				LastUpgradeCheck = 1160;
				ORGANIZATIONNAME = Mehedihasan290;
				TargetAttributes = {
					73C7F30924E69CBE0095363E = {
						CreatedOnToolsVersion = 11.6;
					};
				};
			};
			buildConfigurationList = 73C7F30524E69CBE0095363E /* Build configuration list for PBXProject "Assignment" */;
			compatibilityVersion = "Xcode 9.3";
			developmentRegion = en;
			hasScannedForEncodings = 0;
			knownRegions = (
				en,
				Base,
			);
			mainGroup = 73C7F30124E69CBE0095363E;
			productRefGroup = 73C7F30B24E69CBE0095363E /* Products */;
			projectDirPath = "";
			projectRoot = "";
			targets = (
				73C7F30924E69CBE0095363E /* Assignment */,
			);
		};
/* End PBXProject section */

/* Begin PBXResourcesBuildPhase section */
		73C7F30824E69CBE0095363E /* Resources */ = {
			isa = PBXResourcesBuildPhase;
			buildActionMask = 2147483647;
			files = (
				73C7F31A24E69CC30095363E /* LaunchScreen.storyboard in Resources */,
				73C7F31724E69CC30095363E /* Assets.xcassets in Resources */,
				73C7F31524E69CBE0095363E /* Main.storyboard in Resources */,
			);
			runOnlyForDeploymentPostprocessing = 0;
		};
/* End PBXResourcesBuildPhase section */

/* Begin PBXShellScriptBuildPhase section */
		3B0B8E7C3006B0EC9C7DB558 /* [CP] Check Pods Manifest.lock */ = {
			isa = PBXShellScriptBuildPhase;
			buildActionMask = 2147483647;
			files = (
			);
			inputFileListPaths = (
			);
			inputPaths = (
				"${PODS_PODFILE_DIR_PATH}/Podfile.lock",
				"${PODS_ROOT}/Manifest.lock",
			);
			name = "[CP] Check Pods Manifest.lock";
			outputFileListPaths = (
			);
			outputPaths = (
				"$(DERIVED_FILE_DIR)/Pods-Assignment-checkManifestLockResult.txt",
			);
			runOnlyForDeploymentPostprocessing = 0;
			shellPath = /bin/sh;
			shellScript = "diff \"${PODS_PODFILE_DIR_PATH}/Podfile.lock\" \"${PODS_ROOT}/Manifest.lock\" > /dev/null\nif [ $? != 0 ] ; then\n    # print error to STDERR\n    echo \"error: The sandbox is not in sync with the Podfile.lock. Run 'pod install' or update your CocoaPods installation.\" >&2\n    exit 1\nfi\n# This output is used by Xcode 'outputs' to avoid re-running this script phase.\necho \"SUCCESS\" > \"${SCRIPT_OUTPUT_FILE_0}\"\n";
			showEnvVarsInLog = 0;
		};
		8EDBF74D7D0610D29AA5E0B8 /* [CP] Embed Pods Frameworks */ = {
			isa = PBXShellScriptBuildPhase;
			buildActionMask = 2147483647;
			files = (
			);
			inputFileListPaths = (
				"${PODS_ROOT}/Target Support Files/Pods-Assignment/Pods-Assignment-frameworks-${CONFIGURATION}-input-files.xcfilelist",
			);
			name = "[CP] Embed Pods Frameworks";
			outputFileListPaths = (
				"${PODS_ROOT}/Target Support Files/Pods-Assignment/Pods-Assignment-frameworks-${CONFIGURATION}-output-files.xcfilelist",
			);
			runOnlyForDeploymentPostprocessing = 0;
			shellPath = /bin/sh;
			shellScript = "\"${PODS_ROOT}/Target Support Files/Pods-Assignment/Pods-Assignment-frameworks.sh\"\n";
			showEnvVarsInLog = 0;
		};
/* End PBXShellScriptBuildPhase section */

/* Begin PBXSourcesBuildPhase section */
		73C7F30624E69CBE0095363E /* Sources */ = {
			isa = PBXSourcesBuildPhase;
			buildActionMask = 2147483647;
			files = (
				73C7F32C24E791D50095363E /* RoundButton.swift in Sources */,
				73C7F32624E6F5FA0095363E /* AlartController.swift in Sources */,
				73C7F32224E6A27B0095363E /* InitialViewController.swift in Sources */,
				73C7F33224E90D200095363E /* CheckNetworkConnection.swift in Sources */,
				73C7F30E24E69CBE0095363E /* AppDelegate.swift in Sources */,
				73C7F32424E6A2A90095363E /* SignupViewController.swift in Sources */,
				7379A86024E92CD800296108 /* UserData.swift in Sources */,
				73C7F31024E69CBE0095363E /* SceneDelegate.swift in Sources */,
				73C7F32824E6F67F0095363E /* HomeViewController.swift in Sources */,
				73C7F33024E90B650095363E /* API.swift in Sources */,
				73C7F32A24E7862C0095363E /* Validation.swift in Sources */,
				7379A85E24E9189B00296108 /* LoginData.swift in Sources */,
			);
			runOnlyForDeploymentPostprocessing = 0;
		};
/* End PBXSourcesBuildPhase section */

/* Begin PBXVariantGroup section */
		73C7F31324E69CBE0095363E /* Main.storyboard */ = {
			isa = PBXVariantGroup;
			children = (
				73C7F31424E69CBE0095363E /* Base */,
			);
			name = Main.storyboard;
			sourceTree = "<group>";
		};
		73C7F31824E69CC30095363E /* LaunchScreen.storyboard */ = {
			isa = PBXVariantGroup;
			children = (
				73C7F31924E69CC30095363E /* Base */,
			);
			name = LaunchScreen.storyboard;
			sourceTree = "<group>";
		};
/* End PBXVariantGroup section */

/* Begin XCBuildConfiguration section */
		73C7F31C24E69CC30095363E /* Debug */ = {
			isa = XCBuildConfiguration;
			buildSettings = {
				ALWAYS_SEARCH_USER_PATHS = NO;
				CLANG_ANALYZER_NONNULL = YES;
				CLANG_ANALYZER_NUMBER_OBJECT_CONVERSION = YES_AGGRESSIVE;
				CLANG_CXX_LANGUAGE_STANDARD = "gnu++14";
				CLANG_CXX_LIBRARY = "libc++";
				CLANG_ENABLE_MODULES = YES;
				CLANG_ENABLE_OBJC_ARC = YES;
				CLANG_ENABLE_OBJC_WEAK = YES;
				CLANG_WARN_BLOCK_CAPTURE_AUTORELEASING = YES;
				CLANG_WARN_BOOL_CONVERSION = YES;
				CLANG_WARN_COMMA = YES;
				CLANG_WARN_CONSTANT_CONVERSION = YES;
				CLANG_WARN_DEPRECATED_OBJC_IMPLEMENTATIONS = YES;
				CLANG_WARN_DIRECT_OBJC_ISA_USAGE = YES_ERROR;
				CLANG_WARN_DOCUMENTATION_COMMENTS = YES;
				CLANG_WARN_EMPTY_BODY = YES;
				CLANG_WARN_ENUM_CONVERSION = YES;
				CLANG_WARN_INFINITE_RECURSION = YES;
				CLANG_WARN_INT_CONVERSION = YES;
				CLANG_WARN_NON_LITERAL_NULL_CONVERSION = YES;
				CLANG_WARN_OBJC_IMPLICIT_RETAIN_SELF = YES;
				CLANG_WARN_OBJC_LITERAL_CONVERSION = YES;
				CLANG_WARN_OBJC_ROOT_CLASS = YES_ERROR;
				CLANG_WARN_RANGE_LOOP_ANALYSIS = YES;
				CLANG_WARN_STRICT_PROTOTYPES = YES;
				CLANG_WARN_SUSPICIOUS_MOVE = YES;
				CLANG_WARN_UNGUARDED_AVAILABILITY = YES_AGGRESSIVE;
				CLANG_WARN_UNREACHABLE_CODE = YES;
				CLANG_WARN__DUPLICATE_METHOD_MATCH = YES;
				COPY_PHASE_STRIP = NO;
				DEBUG_INFORMATION_FORMAT = dwarf;
				ENABLE_STRICT_OBJC_MSGSEND = YES;
				ENABLE_TESTABILITY = YES;
				GCC_C_LANGUAGE_STANDARD = gnu11;
				GCC_DYNAMIC_NO_PIC = NO;
				GCC_NO_COMMON_BLOCKS = YES;
				GCC_OPTIMIZATION_LEVEL = 0;
				GCC_PREPROCESSOR_DEFINITIONS = (
					"DEBUG=1",
					"$(inherited)",
				);
				GCC_WARN_64_TO_32_BIT_CONVERSION = YES;
				GCC_WARN_ABOUT_RETURN_TYPE = YES_ERROR;
				GCC_WARN_UNDECLARED_SELECTOR = YES;
				GCC_WARN_UNINITIALIZED_AUTOS = YES_AGGRESSIVE;
				GCC_WARN_UNUSED_FUNCTION = YES;
				GCC_WARN_UNUSED_VARIABLE = YES;
				IPHONEOS_DEPLOYMENT_TARGET = 13.6;
				MTL_ENABLE_DEBUG_INFO = INCLUDE_SOURCE;
				MTL_FAST_MATH = YES;
				ONLY_ACTIVE_ARCH = YES;
				SDKROOT = iphoneos;
				SWIFT_ACTIVE_COMPILATION_CONDITIONS = DEBUG;
				SWIFT_OPTIMIZATION_LEVEL = "-Onone";
			};
			name = Debug;
		};
		73C7F31D24E69CC30095363E /* Release */ = {
			isa = XCBuildConfiguration;
			buildSettings = {
				ALWAYS_SEARCH_USER_PATHS = NO;
				CLANG_ANALYZER_NONNULL = YES;
				CLANG_ANALYZER_NUMBER_OBJECT_CONVERSION = YES_AGGRESSIVE;
				CLANG_CXX_LANGUAGE_STANDARD = "gnu++14";
				CLANG_CXX_LIBRARY = "libc++";
				CLANG_ENABLE_MODULES = YES;
				CLANG_ENABLE_OBJC_ARC = YES;
				CLANG_ENABLE_OBJC_WEAK = YES;
				CLANG_WARN_BLOCK_CAPTURE_AUTORELEASING = YES;
				CLANG_WARN_BOOL_CONVERSION = YES;
				CLANG_WARN_COMMA = YES;
				CLANG_WARN_CONSTANT_CONVERSION = YES;
				CLANG_WARN_DEPRECATED_OBJC_IMPLEMENTATIONS = YES;
				CLANG_WARN_DIRECT_OBJC_ISA_USAGE = YES_ERROR;
				CLANG_WARN_DOCUMENTATION_COMMENTS = YES;
				CLANG_WARN_EMPTY_BODY = YES;
				CLANG_WARN_ENUM_CONVERSION = YES;
				CLANG_WARN_INFINITE_RECURSION = YES;
				CLANG_WARN_INT_CONVERSION = YES;
				CLANG_WARN_NON_LITERAL_NULL_CONVERSION = YES;
				CLANG_WARN_OBJC_IMPLICIT_RETAIN_SELF = YES;
				CLANG_WARN_OBJC_LITERAL_CONVERSION = YES;
				CLANG_WARN_OBJC_ROOT_CLASS = YES_ERROR;
				CLANG_WARN_RANGE_LOOP_ANALYSIS = YES;
				CLANG_WARN_STRICT_PROTOTYPES = YES;
				CLANG_WARN_SUSPICIOUS_MOVE = YES;
				CLANG_WARN_UNGUARDED_AVAILABILITY = YES_AGGRESSIVE;
				CLANG_WARN_UNREACHABLE_CODE = YES;
				CLANG_WARN__DUPLICATE_METHOD_MATCH = YES;
				COPY_PHASE_STRIP = NO;
				DEBUG_INFORMATION_FORMAT = "dwarf-with-dsym";
				ENABLE_NS_ASSERTIONS = NO;
				ENABLE_STRICT_OBJC_MSGSEND = YES;
				GCC_C_LANGUAGE_STANDARD = gnu11;
				GCC_NO_COMMON_BLOCKS = YES;
				GCC_WARN_64_TO_32_BIT_CONVERSION = YES;
				GCC_WARN_ABOUT_RETURN_TYPE = YES_ERROR;
				GCC_WARN_UNDECLARED_SELECTOR = YES;
				GCC_WARN_UNINITIALIZED_AUTOS = YES_AGGRESSIVE;
				GCC_WARN_UNUSED_FUNCTION = YES;
				GCC_WARN_UNUSED_VARIABLE = YES;
				IPHONEOS_DEPLOYMENT_TARGET = 13.6;
				MTL_ENABLE_DEBUG_INFO = NO;
				MTL_FAST_MATH = YES;
				SDKROOT = iphoneos;
				SWIFT_COMPILATION_MODE = wholemodule;
				SWIFT_OPTIMIZATION_LEVEL = "-O";
				VALIDATE_PRODUCT = YES;
			};
			name = Release;
		};
		73C7F31F24E69CC30095363E /* Debug */ = {
			isa = XCBuildConfiguration;
			baseConfigurationReference = DE6B51BE4DB8BD5BA504471E /* Pods-Assignment.debug.xcconfig */;
			buildSettings = {
				ASSETCATALOG_COMPILER_APPICON_NAME = AppIcon;
				CODE_SIGN_STYLE = Automatic;
				DEVELOPMENT_TEAM = NS9BQQQNV5;
				INFOPLIST_FILE = Assignment/Info.plist;
				LD_RUNPATH_SEARCH_PATHS = (
					"$(inherited)",
					"@executable_path/Frameworks",
				);
				PRODUCT_BUNDLE_IDENTIFIER = com.mehedihasan290.Assignment;
				PRODUCT_NAME = "$(TARGET_NAME)";
				SWIFT_VERSION = 5.0;
				TARGETED_DEVICE_FAMILY = "1,2";
			};
			name = Debug;
		};
		73C7F32024E69CC30095363E /* Release */ = {
			isa = XCBuildConfiguration;
			baseConfigurationReference = 4766DE1005597AFDAA4A3F3F /* Pods-Assignment.release.xcconfig */;
			buildSettings = {
				ASSETCATALOG_COMPILER_APPICON_NAME = AppIcon;
				CODE_SIGN_STYLE = Automatic;
				DEVELOPMENT_TEAM = NS9BQQQNV5;
				INFOPLIST_FILE = Assignment/Info.plist;
				LD_RUNPATH_SEARCH_PATHS = (
					"$(inherited)",
					"@executable_path/Frameworks",
				);
				PRODUCT_BUNDLE_IDENTIFIER = com.mehedihasan290.Assignment;
				PRODUCT_NAME = "$(TARGET_NAME)";
				SWIFT_VERSION = 5.0;
				TARGETED_DEVICE_FAMILY = "1,2";
			};
			name = Release;
		};
/* End XCBuildConfiguration section */

/* Begin XCConfigurationList section */
		73C7F30524E69CBE0095363E /* Build configuration list for PBXProject "Assignment" */ = {
			isa = XCConfigurationList;
			buildConfigurations = (
				73C7F31C24E69CC30095363E /* Debug */,
				73C7F31D24E69CC30095363E /* Release */,
			);
			defaultConfigurationIsVisible = 0;
			defaultConfigurationName = Release;
		};
		73C7F31E24E69CC30095363E /* Build configuration list for PBXNativeTarget "Assignment" */ = {
			isa = XCConfigurationList;
			buildConfigurations = (
				73C7F31F24E69CC30095363E /* Debug */,
				73C7F32024E69CC30095363E /* Release */,
			);
			defaultConfigurationIsVisible = 0;
			defaultConfigurationName = Release;
		};
/* End XCConfigurationList section */
	};
	rootObject = 73C7F30224E69CBE0095363E /* Project object */;
}
